
Microsoft Visual Studio Solution File, Format Version 12.00
Project("{FAE04EC0-301F-11D3-BF4B-00C04F79EFBC}") = "Russkyc.MinimalApi.Framework", "Russkyc.MinimalApi.Framework\Russkyc.MinimalApi.Framework.csproj", "{4D5554ED-38B1-4BBC-A177-63E43781227D}"
EndProject
Project("{FAE04EC0-301F-11D3-BF4B-00C04F79EFBC}") = "SampleProject", "SampleProject\SampleProject.csproj", "{AE6F8529-EB8E-404B-9277-561C9DF31361}"
EndProject
Global
	GlobalSection(SolutionConfigurationPlatforms) = preSolution
		Debug|Any CPU = Debug|Any CPU
		Release|Any CPU = Release|Any CPU
	EndGlobalSection
	GlobalSection(ProjectConfigurationPlatforms) = postSolution
		{4D5554ED-38B1-4BBC-A177-63E43781227D}.Debug|Any CPU.ActiveCfg = Debug|Any CPU
		{4D5554ED-38B1-4BBC-A177-63E43781227D}.Debug|Any CPU.Build.0 = Debug|Any CPU
		{4D5554ED-38B1-4BBC-A177-63E43781227D}.Release|Any CPU.ActiveCfg = Release|Any CPU
		{4D5554ED-38B1-4BBC-A177-63E43781227D}.Release|Any CPU.Build.0 = Release|Any CPU
		{AE6F8529-EB8E-404B-9277-561C9DF31361}.Debug|Any CPU.ActiveCfg = Debug|Any CPU
		{AE6F8529-EB8E-404B-9277-561C9DF31361}.Debug|Any CPU.Build.0 = Debug|Any CPU
		{AE6F8529-EB8E-404B-9277-561C9DF31361}.Release|Any CPU.ActiveCfg = Release|Any CPU
		{AE6F8529-EB8E-404B-9277-561C9DF31361}.Release|Any CPU.Build.0 = Release|Any CPU
	EndGlobalSection
EndGlobal
